
Microsoft Visual Studio Solution File, Format Version 12.00
# Visual Studio 15
VisualStudioVersion = 15.0.28010.2003
MinimumVisualStudioVersion = 10.0.40219.1
Project("{9A19103F-16F7-4668-BE54-9A1E7A4F7556}") = "DeliverySystem.Domain", "DeliverySystem.Domain\DeliverySystem.Domain.csproj", "{384CC4DC-3BA7-4716-B648-9D2B5F2006D5}"
EndProject
Project("{9A19103F-16F7-4668-BE54-9A1E7A4F7556}") = "DeliverySystem.Infrastructure", "DeliverySystem.Infrastructure\DeliverySystem.Infrastructure.csproj", "{069D4555-7BE3-4464-A93E-B10D1F125010}"
EndProject
Project("{9A19103F-16F7-4668-BE54-9A1E7A4F7556}") = "DeliverySystem.Tests", "DeliverySystem.Tests\DeliverySystem.Tests.csproj", "{97CECFB3-5766-46F1-A606-9D3EAE0D6900}"
EndProject
Project("{9A19103F-16F7-4668-BE54-9A1E7A4F7556}") = "DeliverySystem.Api", "DeliverySystem.Api\DeliverySystem.Api.csproj", "{9528A6E5-A206-4C2F-AED1-78317608F463}"
EndProject
Project("{9A19103F-16F7-4668-BE54-9A1E7A4F7556}") = "DeliverySystem.Tools", "DeliverySystem.Tools\DeliverySystem.Tools.csproj", "{97DA4D77-EB4C-4119-86DF-8E01CB01FFBC}"
EndProject
Project("{FAE04EC0-301F-11D3-BF4B-00C04F79EFBC}") = "DeliverySystem.WebWorker", "DeliverySystem.WebWorker\DeliverySystem.WebWorker.csproj", "{38FD76A3-447A-48F6-BC6C-D55D0D4B54F5}"
EndProject
Global
	GlobalSection(SolutionConfigurationPlatforms) = preSolution
		Debug|Any CPU = Debug|Any CPU
		Release|Any CPU = Release|Any CPU
	EndGlobalSection
	GlobalSection(ProjectConfigurationPlatforms) = postSolution
		{384CC4DC-3BA7-4716-B648-9D2B5F2006D5}.Debug|Any CPU.ActiveCfg = Debug|Any CPU
		{384CC4DC-3BA7-4716-B648-9D2B5F2006D5}.Debug|Any CPU.Build.0 = Debug|Any CPU
		{384CC4DC-3BA7-4716-B648-9D2B5F2006D5}.Release|Any CPU.ActiveCfg = Release|Any CPU
		{384CC4DC-3BA7-4716-B648-9D2B5F2006D5}.Release|Any CPU.Build.0 = Release|Any CPU
		{069D4555-7BE3-4464-A93E-B10D1F125010}.Debug|Any CPU.ActiveCfg = Debug|Any CPU
		{069D4555-7BE3-4464-A93E-B10D1F125010}.Debug|Any CPU.Build.0 = Debug|Any CPU
		{069D4555-7BE3-4464-A93E-B10D1F125010}.Release|Any CPU.ActiveCfg = Release|Any CPU
		{069D4555-7BE3-4464-A93E-B10D1F125010}.Release|Any CPU.Build.0 = Release|Any CPU
		{97CECFB3-5766-46F1-A606-9D3EAE0D6900}.Debug|Any CPU.ActiveCfg = Debug|Any CPU
		{97CECFB3-5766-46F1-A606-9D3EAE0D6900}.Debug|Any CPU.Build.0 = Debug|Any CPU
		{97CECFB3-5766-46F1-A606-9D3EAE0D6900}.Release|Any CPU.ActiveCfg = Release|Any CPU
		{97CECFB3-5766-46F1-A606-9D3EAE0D6900}.Release|Any CPU.Build.0 = Release|Any CPU
		{9528A6E5-A206-4C2F-AED1-78317608F463}.Debug|Any CPU.ActiveCfg = Debug|Any CPU
		{9528A6E5-A206-4C2F-AED1-78317608F463}.Debug|Any CPU.Build.0 = Debug|Any CPU
		{9528A6E5-A206-4C2F-AED1-78317608F463}.Release|Any CPU.ActiveCfg = Release|Any CPU
		{9528A6E5-A206-4C2F-AED1-78317608F463}.Release|Any CPU.Build.0 = Release|Any CPU
		{97DA4D77-EB4C-4119-86DF-8E01CB01FFBC}.Debug|Any CPU.ActiveCfg = Debug|Any CPU
		{97DA4D77-EB4C-4119-86DF-8E01CB01FFBC}.Debug|Any CPU.Build.0 = Debug|Any CPU
		{97DA4D77-EB4C-4119-86DF-8E01CB01FFBC}.Release|Any CPU.ActiveCfg = Release|Any CPU
		{97DA4D77-EB4C-4119-86DF-8E01CB01FFBC}.Release|Any CPU.Build.0 = Release|Any CPU
		{38FD76A3-447A-48F6-BC6C-D55D0D4B54F5}.Debug|Any CPU.ActiveCfg = Debug|Any CPU
		{38FD76A3-447A-48F6-BC6C-D55D0D4B54F5}.Debug|Any CPU.Build.0 = Debug|Any CPU
		{38FD76A3-447A-48F6-BC6C-D55D0D4B54F5}.Release|Any CPU.ActiveCfg = Release|Any CPU
		{38FD76A3-447A-48F6-BC6C-D55D0D4B54F5}.Release|Any CPU.Build.0 = Release|Any CPU
	EndGlobalSection
	GlobalSection(SolutionProperties) = preSolution
		HideSolutionNode = FALSE
	EndGlobalSection
	GlobalSection(ExtensibilityGlobals) = postSolution
		SolutionGuid = {C4123FD8-C7C1-4AA0-9590-0434E4319268}
	EndGlobalSection
EndGlobal
